// !$*UTF8*$!
{
	archiveVersion = 1;
	classes = {
	};
	objectVersion = 50;
	objects = {

/* Begin PBXBuildFile section */
		EEE0FE84263D4EC000409132 /* ChartApp.swift in Sources */ = {isa = PBXBuildFile; fileRef = EEE0FE83263D4EC000409132 /* ChartApp.swift */; };
		EEE0FE86263D4EC000409132 /* ContentView.swift in Sources */ = {isa = PBXBuildFile; fileRef = EEE0FE85263D4EC000409132 /* ContentView.swift */; };
		EEE0FE88263D4EC100409132 /* Assets.xcassets in Resources */ = {isa = PBXBuildFile; fileRef = EEE0FE87263D4EC100409132 /* Assets.xcassets */; };
		EEE0FE8B263D4EC100409132 /* Preview Assets.xcassets in Resources */ = {isa = PBXBuildFile; fileRef = EEE0FE8A263D4EC100409132 /* Preview Assets.xcassets */; };
		EEE0FE96263D4EC100409132 /* ChartTests.swift in Sources */ = {isa = PBXBuildFile; fileRef = EEE0FE95263D4EC100409132 /* ChartTests.swift */; };
		EEE0FEA1263D4EC100409132 /* ChartUITests.swift in Sources */ = {isa = PBXBuildFile; fileRef = EEE0FEA0263D4EC100409132 /* ChartUITests.swift */; };
		EEE0FEB2263D6B1E00409132 /* BarChart.swift in Sources */ = {isa = PBXBuildFile; fileRef = EEE0FEB1263D6B1E00409132 /* BarChart.swift */; };
/* End PBXBuildFile section */

/* Begin PBXContainerItemProxy section */
		EEE0FE92263D4EC100409132 /* PBXContainerItemProxy */ = {
			isa = PBXContainerItemProxy;
			containerPortal = EEE0FE78263D4EC000409132 /* Project object */;
			proxyType = 1;
			remoteGlobalIDString = EEE0FE7F263D4EC000409132;
			remoteInfo = Chart;
		};
		EEE0FE9D263D4EC100409132 /* PBXContainerItemProxy */ = {
			isa = PBXContainerItemProxy;
			containerPortal = EEE0FE78263D4EC000409132 /* Project object */;
			proxyType = 1;
			remoteGlobalIDString = EEE0FE7F263D4EC000409132;
			remoteInfo = Chart;
		};
/* End PBXContainerItemProxy section */

/* Begin PBXFileReference section */
		EEE0FE80263D4EC000409132 /* Chart.app */ = {isa = PBXFileReference; explicitFileType = wrapper.application; includeInIndex = 0; path = Chart.app; sourceTree = BUILT_PRODUCTS_DIR; };
		EEE0FE83263D4EC000409132 /* ChartApp.swift */ = {isa = PBXFileReference; lastKnownFileType = sourcecode.swift; path = ChartApp.swift; sourceTree = "<group>"; };
		EEE0FE85263D4EC000409132 /* ContentView.swift */ = {isa = PBXFileReference; lastKnownFileType = sourcecode.swift; path = ContentView.swift; sourceTree = "<group>"; };
		EEE0FE87263D4EC100409132 /* Assets.xcassets */ = {isa = PBXFileReference; lastKnownFileType = folder.assetcatalog; path = Assets.xcassets; sourceTree = "<group>"; };
		EEE0FE8A263D4EC100409132 /* Preview Assets.xcassets */ = {isa = PBXFileReference; lastKnownFileType = folder.assetcatalog; path = "Preview Assets.xcassets"; sourceTree = "<group>"; };
		EEE0FE8C263D4EC100409132 /* Info.plist */ = {isa = PBXFileReference; lastKnownFileType = text.plist.xml; path = Info.plist; sourceTree = "<group>"; };
		EEE0FE91263D4EC100409132 /* ChartTests.xctest */ = {isa = PBXFileReference; explicitFileType = wrapper.cfbundle; includeInIndex = 0; path = ChartTests.xctest; sourceTree = BUILT_PRODUCTS_DIR; };
		EEE0FE95263D4EC100409132 /* ChartTests.swift */ = {isa = PBXFileReference; lastKnownFileType = sourcecode.swift; path = ChartTests.swift; sourceTree = "<group>"; };
		EEE0FE97263D4EC100409132 /* Info.plist */ = {isa = PBXFileReference; lastKnownFileType = text.plist.xml; path = Info.plist; sourceTree = "<group>"; };
		EEE0FE9C263D4EC100409132 /* ChartUITests.xctest */ = {isa = PBXFileReference; explicitFileType = wrapper.cfbundle; includeInIndex = 0; path = ChartUITests.xctest; sourceTree = BUILT_PRODUCTS_DIR; };
		EEE0FEA0263D4EC100409132 /* ChartUITests.swift */ = {isa = PBXFileReference; lastKnownFileType = sourcecode.swift; path = ChartUITests.swift; sourceTree = "<group>"; };
		EEE0FEA2263D4EC100409132 /* Info.plist */ = {isa = PBXFileReference; lastKnownFileType = text.plist.xml; path = Info.plist; sourceTree = "<group>"; };
		EEE0FEB1263D6B1E00409132 /* BarChart.swift */ = {isa = PBXFileReference; lastKnownFileType = sourcecode.swift; path = BarChart.swift; sourceTree = "<group>"; };
/* End PBXFileReference section */

/* Begin PBXFrameworksBuildPhase section */
		EEE0FE7D263D4EC000409132 /* Frameworks */ = {
			isa = PBXFrameworksBuildPhase;
			buildActionMask = 2147483647;
			files = (
			);
			runOnlyForDeploymentPostprocessing = 0;
		};
		EEE0FE8E263D4EC100409132 /* Frameworks */ = {
			isa = PBXFrameworksBuildPhase;
			buildActionMask = 2147483647;
			files = (
			);
			runOnlyForDeploymentPostprocessing = 0;
		};
		EEE0FE99263D4EC100409132 /* Frameworks */ = {
			isa = PBXFrameworksBuildPhase;
			buildActionMask = 2147483647;
			files = (
			);
			runOnlyForDeploymentPostprocessing = 0;
		};
/* End PBXFrameworksBuildPhase section */

/* Begin PBXGroup section */
		EEE0FE77263D4EC000409132 = {
			isa = PBXGroup;
			children = (
				EEE0FE82263D4EC000409132 /* Chart */,
				EEE0FE94263D4EC100409132 /* ChartTests */,
				EEE0FE9F263D4EC100409132 /* ChartUITests */,
				EEE0FE81263D4EC000409132 /* Products */,
			);
			sourceTree = "<group>";
		};
		EEE0FE81263D4EC000409132 /* Products */ = {
			isa = PBXGroup;
			children = (
				EEE0FE80263D4EC000409132 /* Chart.app */,
				EEE0FE91263D4EC100409132 /* ChartTests.xctest */,
				EEE0FE9C263D4EC100409132 /* ChartUITests.xctest */,
			);
			name = Products;
			sourceTree = "<group>";
		};
		EEE0FE82263D4EC000409132 /* Chart */ = {
			isa = PBXGroup;
			children = (
				EEE0FE83263D4EC000409132 /* ChartApp.swift */,
				EEE0FE85263D4EC000409132 /* ContentView.swift */,
				EEE0FE87263D4EC100409132 /* Assets.xcassets */,
				EEE0FE8C263D4EC100409132 /* Info.plist */,
				EEE0FE89263D4EC100409132 /* Preview Content */,
				EEE0FEB1263D6B1E00409132 /* BarChart.swift */,
			);
			path = Chart;
			sourceTree = "<group>";
		};
		EEE0FE89263D4EC100409132 /* Preview Content */ = {
			isa = PBXGroup;
			children = (
				EEE0FE8A263D4EC100409132 /* Preview Assets.xcassets */,
			);
			path = "Preview Content";
			sourceTree = "<group>";
		};
		EEE0FE94263D4EC100409132 /* ChartTests */ = {
			isa = PBXGroup;
			children = (
				EEE0FE95263D4EC100409132 /* ChartTests.swift */,
				EEE0FE97263D4EC100409132 /* Info.plist */,
			);
			path = ChartTests;
			sourceTree = "<group>";
		};
		EEE0FE9F263D4EC100409132 /* ChartUITests */ = {
			isa = PBXGroup;
			children = (
				EEE0FEA0263D4EC100409132 /* ChartUITests.swift */,
				EEE0FEA2263D4EC100409132 /* Info.plist */,
			);
			path = ChartUITests;
			sourceTree = "<group>";
		};
/* End PBXGroup section */

/* Begin PBXNativeTarget section */
		EEE0FE7F263D4EC000409132 /* Chart */ = {
			isa = PBXNativeTarget;
			buildConfigurationList = EEE0FEA5263D4EC100409132 /* Build configuration list for PBXNativeTarget "Chart" */;
			buildPhases = (
				EEE0FE7C263D4EC000409132 /* Sources */,
				EEE0FE7D263D4EC000409132 /* Frameworks */,
				EEE0FE7E263D4EC000409132 /* Resources */,
			);
			buildRules = (
			);
			dependencies = (
			);
			name = Chart;
			productName = Chart;
			productReference = EEE0FE80263D4EC000409132 /* Chart.app */;
			productType = "com.apple.product-type.application";
		};
		EEE0FE90263D4EC100409132 /* ChartTests */ = {
			isa = PBXNativeTarget;
			buildConfigurationList = EEE0FEA8263D4EC100409132 /* Build configuration list for PBXNativeTarget "ChartTests" */;
			buildPhases = (
				EEE0FE8D263D4EC100409132 /* Sources */,
				EEE0FE8E263D4EC100409132 /* Frameworks */,
				EEE0FE8F263D4EC100409132 /* Resources */,
			);
			buildRules = (
			);
			dependencies = (
				EEE0FE93263D4EC100409132 /* PBXTargetDependency */,
			);
			name = ChartTests;
			productName = ChartTests;
			productReference = EEE0FE91263D4EC100409132 /* ChartTests.xctest */;
			productType = "com.apple.product-type.bundle.unit-test";
		};
		EEE0FE9B263D4EC100409132 /* ChartUITests */ = {
			isa = PBXNativeTarget;
			buildConfigurationList = EEE0FEAB263D4EC100409132 /* Build configuration list for PBXNativeTarget "ChartUITests" */;
			buildPhases = (
				EEE0FE98263D4EC100409132 /* Sources */,
				EEE0FE99263D4EC100409132 /* Frameworks */,
				EEE0FE9A263D4EC100409132 /* Resources */,
			);
			buildRules = (
			);
			dependencies = (
				EEE0FE9E263D4EC100409132 /* PBXTargetDependency */,
			);
			name = ChartUITests;
			productName = ChartUITests;
			productReference = EEE0FE9C263D4EC100409132 /* ChartUITests.xctest */;
			productType = "com.apple.product-type.bundle.ui-testing";
		};
/* End PBXNativeTarget section */

/* Begin PBXProject section */
		EEE0FE78263D4EC000409132 /* Project object */ = {
			isa = PBXProject;
			attributes = {
				LastSwiftUpdateCheck = 1240;
				LastUpgradeCheck = 1240;
				TargetAttributes = {
					EEE0FE7F263D4EC000409132 = {
						CreatedOnToolsVersion = 12.4;
					};
					EEE0FE90263D4EC100409132 = {
						CreatedOnToolsVersion = 12.4;
						TestTargetID = EEE0FE7F263D4EC000409132;
					};
					EEE0FE9B263D4EC100409132 = {
						CreatedOnToolsVersion = 12.4;
						TestTargetID = EEE0FE7F263D4EC000409132;
					};
				};
			};
			buildConfigurationList = EEE0FE7B263D4EC000409132 /* Build configuration list for PBXProject "Chart" */;
			compatibilityVersion = "Xcode 9.3";
			developmentRegion = en;
			hasScannedForEncodings = 0;
			knownRegions = (
				en,
				Base,
			);
			mainGroup = EEE0FE77263D4EC000409132;
			productRefGroup = EEE0FE81263D4EC000409132 /* Products */;
			projectDirPath = "";
			projectRoot = "";
			targets = (
				EEE0FE7F263D4EC000409132 /* Chart */,
				EEE0FE90263D4EC100409132 /* ChartTests */,
				EEE0FE9B263D4EC100409132 /* ChartUITests */,
			);
		};
/* End PBXProject section */

/* Begin PBXResourcesBuildPhase section */
		EEE0FE7E263D4EC000409132 /* Resources */ = {
			isa = PBXResourcesBuildPhase;
			buildActionMask = 2147483647;
			files = (
				EEE0FE8B263D4EC100409132 /* Preview Assets.xcassets in Resources */,
				EEE0FE88263D4EC100409132 /* Assets.xcassets in Resources */,
			);
			runOnlyForDeploymentPostprocessing = 0;
		};
		EEE0FE8F263D4EC100409132 /* Resources */ = {
			isa = PBXResourcesBuildPhase;
			buildActionMask = 2147483647;
			files = (
			);
			runOnlyForDeploymentPostprocessing = 0;
		};
		EEE0FE9A263D4EC100409132 /* Resources */ = {
			isa = PBXResourcesBuildPhase;
			buildActionMask = 2147483647;
			files = (
			);
			runOnlyForDeploymentPostprocessing = 0;
		};
/* End PBXResourcesBuildPhase section */

/* Begin PBXSourcesBuildPhase section */
		EEE0FE7C263D4EC000409132 /* Sources */ = {
			isa = PBXSourcesBuildPhase;
			buildActionMask = 2147483647;
			files = (
				EEE0FE86263D4EC000409132 /* ContentView.swift in Sources */,
				EEE0FEB2263D6B1E00409132 /* BarChart.swift in Sources */,
				EEE0FE84263D4EC000409132 /* ChartApp.swift in Sources */,
			);
			runOnlyForDeploymentPostprocessing = 0;
		};
		EEE0FE8D263D4EC100409132 /* Sources */ = {
			isa = PBXSourcesBuildPhase;
			buildActionMask = 2147483647;
			files = (
				EEE0FE96263D4EC100409132 /* ChartTests.swift in Sources */,
			);
			runOnlyForDeploymentPostprocessing = 0;
		};
		EEE0FE98263D4EC100409132 /* Sources */ = {
			isa = PBXSourcesBuildPhase;
			buildActionMask = 2147483647;
			files = (
				EEE0FEA1263D4EC100409132 /* ChartUITests.swift in Sources */,
			);
			runOnlyForDeploymentPostprocessing = 0;
		};
/* End PBXSourcesBuildPhase section */

/* Begin PBXTargetDependency section */
		EEE0FE93263D4EC100409132 /* PBXTargetDependency */ = {
			isa = PBXTargetDependency;
			target = EEE0FE7F263D4EC000409132 /* Chart */;
			targetProxy = EEE0FE92263D4EC100409132 /* PBXContainerItemProxy */;
		};
		EEE0FE9E263D4EC100409132 /* PBXTargetDependency */ = {
			isa = PBXTargetDependency;
			target = EEE0FE7F263D4EC000409132 /* Chart */;
			targetProxy = EEE0FE9D263D4EC100409132 /* PBXContainerItemProxy */;
		};
/* End PBXTargetDependency section */

/* Begin XCBuildConfiguration section */
		EEE0FEA3263D4EC100409132 /* Debug */ = {
			isa = XCBuildConfiguration;
			buildSettings = {
				ALWAYS_SEARCH_USER_PATHS = NO;
				CLANG_ANALYZER_NONNULL = YES;
				CLANG_ANALYZER_NUMBER_OBJECT_CONVERSION = YES_AGGRESSIVE;
				CLANG_CXX_LANGUAGE_STANDARD = "gnu++14";
				CLANG_CXX_LIBRARY = "libc++";
				CLANG_ENABLE_MODULES = YES;
				CLANG_ENABLE_OBJC_ARC = YES;
				CLANG_ENABLE_OBJC_WEAK = YES;
				CLANG_WARN_BLOCK_CAPTURE_AUTORELEASING = YES;
				CLANG_WARN_BOOL_CONVERSION = YES;
				CLANG_WARN_COMMA = YES;
				CLANG_WARN_CONSTANT_CONVERSION = YES;
				CLANG_WARN_DEPRECATED_OBJC_IMPLEMENTATIONS = YES;
				CLANG_WARN_DIRECT_OBJC_ISA_USAGE = YES_ERROR;
				CLANG_WARN_DOCUMENTATION_COMMENTS = YES;
				CLANG_WARN_EMPTY_BODY = YES;
				CLANG_WARN_ENUM_CONVERSION = YES;
				CLANG_WARN_INFINITE_RECURSION = YES;
				CLANG_WARN_INT_CONVERSION = YES;
				CLANG_WARN_NON_LITERAL_NULL_CONVERSION = YES;
				CLANG_WARN_OBJC_IMPLICIT_RETAIN_SELF = YES;
				CLANG_WARN_OBJC_LITERAL_CONVERSION = YES;
				CLANG_WARN_OBJC_ROOT_CLASS = YES_ERROR;
				CLANG_WARN_QUOTED_INCLUDE_IN_FRAMEWORK_HEADER = YES;
				CLANG_WARN_RANGE_LOOP_ANALYSIS = YES;
				CLANG_WARN_STRICT_PROTOTYPES = YES;
				CLANG_WARN_SUSPICIOUS_MOVE = YES;
				CLANG_WARN_UNGUARDED_AVAILABILITY = YES_AGGRESSIVE;
				CLANG_WARN_UNREACHABLE_CODE = YES;
				CLANG_WARN__DUPLICATE_METHOD_MATCH = YES;
				COPY_PHASE_STRIP = NO;
				DEBUG_INFORMATION_FORMAT = dwarf;
				ENABLE_STRICT_OBJC_MSGSEND = YES;
				ENABLE_TESTABILITY = YES;
				GCC_C_LANGUAGE_STANDARD = gnu11;
				GCC_DYNAMIC_NO_PIC = NO;
				GCC_NO_COMMON_BLOCKS = YES;
				GCC_OPTIMIZATION_LEVEL = 0;
				GCC_PREPROCESSOR_DEFINITIONS = (
					"DEBUG=1",
					"$(inherited)",
				);
				GCC_WARN_64_TO_32_BIT_CONVERSION = YES;
				GCC_WARN_ABOUT_RETURN_TYPE = YES_ERROR;
				GCC_WARN_UNDECLARED_SELECTOR = YES;
				GCC_WARN_UNINITIALIZED_AUTOS = YES_AGGRESSIVE;
				GCC_WARN_UNUSED_FUNCTION = YES;
				GCC_WARN_UNUSED_VARIABLE = YES;
				IPHONEOS_DEPLOYMENT_TARGET = 14.4;
				MTL_ENABLE_DEBUG_INFO = INCLUDE_SOURCE;
				MTL_FAST_MATH = YES;
				ONLY_ACTIVE_ARCH = YES;
				SDKROOT = iphoneos;
				SWIFT_ACTIVE_COMPILATION_CONDITIONS = DEBUG;
				SWIFT_OPTIMIZATION_LEVEL = "-Onone";
			};
			name = Debug;
		};
		EEE0FEA4263D4EC100409132 /* Release */ = {
			isa = XCBuildConfiguration;
			buildSettings = {
				ALWAYS_SEARCH_USER_PATHS = NO;
				CLANG_ANALYZER_NONNULL = YES;
				CLANG_ANALYZER_NUMBER_OBJECT_CONVERSION = YES_AGGRESSIVE;
				CLANG_CXX_LANGUAGE_STANDARD = "gnu++14";
				CLANG_CXX_LIBRARY = "libc++";
				CLANG_ENABLE_MODULES = YES;
				CLANG_ENABLE_OBJC_ARC = YES;
				CLANG_ENABLE_OBJC_WEAK = YES;
				CLANG_WARN_BLOCK_CAPTURE_AUTORELEASING = YES;
				CLANG_WARN_BOOL_CONVERSION = YES;
				CLANG_WARN_COMMA = YES;
				CLANG_WARN_CONSTANT_CONVERSION = YES;
				CLANG_WARN_DEPRECATED_OBJC_IMPLEMENTATIONS = YES;
				CLANG_WARN_DIRECT_OBJC_ISA_USAGE = YES_ERROR;
				CLANG_WARN_DOCUMENTATION_COMMENTS = YES;
				CLANG_WARN_EMPTY_BODY = YES;
				CLANG_WARN_ENUM_CONVERSION = YES;
				CLANG_WARN_INFINITE_RECURSION = YES;
				CLANG_WARN_INT_CONVERSION = YES;
				CLANG_WARN_NON_LITERAL_NULL_CONVERSION = YES;
				CLANG_WARN_OBJC_IMPLICIT_RETAIN_SELF = YES;
				CLANG_WARN_OBJC_LITERAL_CONVERSION = YES;
				CLANG_WARN_OBJC_ROOT_CLASS = YES_ERROR;
				CLANG_WARN_QUOTED_INCLUDE_IN_FRAMEWORK_HEADER = YES;
				CLANG_WARN_RANGE_LOOP_ANALYSIS = YES;
				CLANG_WARN_STRICT_PROTOTYPES = YES;
				CLANG_WARN_SUSPICIOUS_MOVE = YES;
				CLANG_WARN_UNGUARDED_AVAILABILITY = YES_AGGRESSIVE;
				CLANG_WARN_UNREACHABLE_CODE = YES;
				CLANG_WARN__DUPLICATE_METHOD_MATCH = YES;
				COPY_PHASE_STRIP = NO;
				DEBUG_INFORMATION_FORMAT = "dwarf-with-dsym";
				ENABLE_NS_ASSERTIONS = NO;
				ENABLE_STRICT_OBJC_MSGSEND = YES;
				GCC_C_LANGUAGE_STANDARD = gnu11;
				GCC_NO_COMMON_BLOCKS = YES;
				GCC_WARN_64_TO_32_BIT_CONVERSION = YES;
				GCC_WARN_ABOUT_RETURN_TYPE = YES_ERROR;
				GCC_WARN_UNDECLARED_SELECTOR = YES;
				GCC_WARN_UNINITIALIZED_AUTOS = YES_AGGRESSIVE;
				GCC_WARN_UNUSED_FUNCTION = YES;
				GCC_WARN_UNUSED_VARIABLE = YES;
				IPHONEOS_DEPLOYMENT_TARGET = 14.4;
				MTL_ENABLE_DEBUG_INFO = NO;
				MTL_FAST_MATH = YES;
				SDKROOT = iphoneos;
				SWIFT_COMPILATION_MODE = wholemodule;
				SWIFT_OPTIMIZATION_LEVEL = "-O";
				VALIDATE_PRODUCT = YES;
			};
			name = Release;
		};
		EEE0FEA6263D4EC100409132 /* Debug */ = {
			isa = XCBuildConfiguration;
			buildSettings = {
				ASSETCATALOG_COMPILER_APPICON_NAME = AppIcon;
				ASSETCATALOG_COMPILER_GLOBAL_ACCENT_COLOR_NAME = AccentColor;
				CODE_SIGN_STYLE = Automatic;
				DEVELOPMENT_ASSET_PATHS = "\"Chart/Preview Content\"";
				ENABLE_PREVIEWS = YES;
				INFOPLIST_FILE = Chart/Info.plist;
				IPHONEOS_DEPLOYMENT_TARGET = 14.0;
				LD_RUNPATH_SEARCH_PATHS = (
					"$(inherited)",
					"@executable_path/Frameworks",
				);
				PRODUCT_BUNDLE_IDENTIFIER = ibrahim.Chart;
				PRODUCT_NAME = "$(TARGET_NAME)";
				SWIFT_VERSION = 5.0;
				TARGETED_DEVICE_FAMILY = "1,2";
			};
			name = Debug;
		};
		EEE0FEA7263D4EC100409132 /* Release */ = {
			isa = XCBuildConfiguration;
			buildSettings = {
				ASSETCATALOG_COMPILER_APPICON_NAME = AppIcon;
				ASSETCATALOG_COMPILER_GLOBAL_ACCENT_COLOR_NAME = AccentColor;
				CODE_SIGN_STYLE = Automatic;
				DEVELOPMENT_ASSET_PATHS = "\"Chart/Preview Content\"";
				ENABLE_PREVIEWS = YES;
				INFOPLIST_FILE = Chart/Info.plist;
				IPHONEOS_DEPLOYMENT_TARGET = 14.0;
				LD_RUNPATH_SEARCH_PATHS = (
					"$(inherited)",
					"@executable_path/Frameworks",
				);
				PRODUCT_BUNDLE_IDENTIFIER = ibrahim.Chart;
				PRODUCT_NAME = "$(TARGET_NAME)";
				SWIFT_VERSION = 5.0;
				TARGETED_DEVICE_FAMILY = "1,2";
			};
			name = Release;
		};
		EEE0FEA9263D4EC100409132 /* Debug */ = {
			isa = XCBuildConfiguration;
			buildSettings = {
				ALWAYS_EMBED_SWIFT_STANDARD_LIBRARIES = YES;
				BUNDLE_LOADER = "$(TEST_HOST)";
				CODE_SIGN_STYLE = Automatic;
				INFOPLIST_FILE = ChartTests/Info.plist;
				IPHONEOS_DEPLOYMENT_TARGET = 14.0;
				LD_RUNPATH_SEARCH_PATHS = (
					"$(inherited)",
					"@executable_path/Frameworks",
					"@loader_path/Frameworks",
				);
				PRODUCT_BUNDLE_IDENTIFIER = ibrahim.ChartTests;
				PRODUCT_NAME = "$(TARGET_NAME)";
				SWIFT_VERSION = 5.0;
				TARGETED_DEVICE_FAMILY = "1,2";
				TEST_HOST = "$(BUILT_PRODUCTS_DIR)/Chart.app/Chart";
			};
			name = Debug;
		};
		EEE0FEAA263D4EC100409132 /* Release */ = {
			isa = XCBuildConfiguration;
			buildSettings = {
				ALWAYS_EMBED_SWIFT_STANDARD_LIBRARIES = YES;
				BUNDLE_LOADER = "$(TEST_HOST)";
				CODE_SIGN_STYLE = Automatic;
				INFOPLIST_FILE = ChartTests/Info.plist;
				IPHONEOS_DEPLOYMENT_TARGET = 14.0;
				LD_RUNPATH_SEARCH_PATHS = (
					"$(inherited)",
					"@executable_path/Frameworks",
					"@loader_path/Frameworks",
				);
				PRODUCT_BUNDLE_IDENTIFIER = ibrahim.ChartTests;
				PRODUCT_NAME = "$(TARGET_NAME)";
				SWIFT_VERSION = 5.0;
				TARGETED_DEVICE_FAMILY = "1,2";
				TEST_HOST = "$(BUILT_PRODUCTS_DIR)/Chart.app/Chart";
			};
			name = Release;
		};
		EEE0FEAC263D4EC100409132 /* Debug */ = {
			isa = XCBuildConfiguration;
			buildSettings = {
				ALWAYS_EMBED_SWIFT_STANDARD_LIBRARIES = YES;
				CODE_SIGN_STYLE = Automatic;
				INFOPLIST_FILE = ChartUITests/Info.plist;
				LD_RUNPATH_SEARCH_PATHS = (
					"$(inherited)",
					"@executable_path/Frameworks",
					"@loader_path/Frameworks",
				);
				PRODUCT_BUNDLE_IDENTIFIER = ibrahim.ChartUITests;
				PRODUCT_NAME = "$(TARGET_NAME)";
				SWIFT_VERSION = 5.0;
				TARGETED_DEVICE_FAMILY = "1,2";
				TEST_TARGET_NAME = Chart;
			};
			name = Debug;
		};
		EEE0FEAD263D4EC100409132 /* Release */ = {
			isa = XCBuildConfiguration;
			buildSettings = {
				ALWAYS_EMBED_SWIFT_STANDARD_LIBRARIES = YES;
				CODE_SIGN_STYLE = Automatic;
				INFOPLIST_FILE = ChartUITests/Info.plist;
				LD_RUNPATH_SEARCH_PATHS = (
					"$(inherited)",
					"@executable_path/Frameworks",
					"@loader_path/Frameworks",
				);
				PRODUCT_BUNDLE_IDENTIFIER = ibrahim.ChartUITests;
				PRODUCT_NAME = "$(TARGET_NAME)";
				SWIFT_VERSION = 5.0;
				TARGETED_DEVICE_FAMILY = "1,2";
				TEST_TARGET_NAME = Chart;
			};
			name = Release;
		};
/* End XCBuildConfiguration section */

/* Begin XCConfigurationList section */
		EEE0FE7B263D4EC000409132 /* Build configuration list for PBXProject "Chart" */ = {
			isa = XCConfigurationList;
			buildConfigurations = (
				EEE0FEA3263D4EC100409132 /* Debug */,
				EEE0FEA4263D4EC100409132 /* Release */,
			);
			defaultConfigurationIsVisible = 0;
			defaultConfigurationName = Release;
		};
		EEE0FEA5263D4EC100409132 /* Build configuration list for PBXNativeTarget "Chart" */ = {
			isa = XCConfigurationList;
			buildConfigurations = (
				EEE0FEA6263D4EC100409132 /* Debug */,
				EEE0FEA7263D4EC100409132 /* Release */,
			);
			defaultConfigurationIsVisible = 0;
			defaultConfigurationName = Release;
		};
		EEE0FEA8263D4EC100409132 /* Build configuration list for PBXNativeTarget "ChartTests" */ = {
			isa = XCConfigurationList;
			buildConfigurations = (
				EEE0FEA9263D4EC100409132 /* Debug */,
				EEE0FEAA263D4EC100409132 /* Release */,
			);
			defaultConfigurationIsVisible = 0;
			defaultConfigurationName = Release;
		};
		EEE0FEAB263D4EC100409132 /* Build configuration list for PBXNativeTarget "ChartUITests" */ = {
			isa = XCConfigurationList;
			buildConfigurations = (
				EEE0FEAC263D4EC100409132 /* Debug */,
				EEE0FEAD263D4EC100409132 /* Release */,
			);
			defaultConfigurationIsVisible = 0;
			defaultConfigurationName = Release;
		};
/* End XCConfigurationList section */
	};
	rootObject = EEE0FE78263D4EC000409132 /* Project object */;
}
